
Microsoft Visual Studio Solution File, Format Version 12.00
# Visual Studio 15
VisualStudioVersion = 15.0.26430.6
MinimumVisualStudioVersion = 10.0.40219.1
Project("{FAE04EC0-301F-11D3-BF4B-00C04F79EFBC}") = "EmployeeArray", "EmployeeArray\EmployeeArray.csproj", "{95AAD224-4E00-4823-B69D-47FC51544C05}"
EndProject
Global
	GlobalSection(SolutionConfigurationPlatforms) = preSolution
		Debug|Any CPU = Debug|Any CPU
		Release|Any CPU = Release|Any CPU
	EndGlobalSection
	GlobalSection(ProjectConfigurationPlatforms) = postSolution
		{95AAD224-4E00-4823-B69D-47FC51544C05}.Debug|Any CPU.ActiveCfg = Debug|Any CPU
		{95AAD224-4E00-4823-B69D-47FC51544C05}.Debug|Any CPU.Build.0 = Debug|Any CPU
		{95AAD224-4E00-4823-B69D-47FC51544C05}.Release|Any CPU.ActiveCfg = Release|Any CPU
		{95AAD224-4E00-4823-B69D-47FC51544C05}.Release|Any CPU.Build.0 = Release|Any CPU
	EndGlobalSection
	GlobalSection(SolutionProperties) = preSolution
		HideSolutionNode = FALSE
	EndGlobalSection
EndGlobal
