
Microsoft Visual Studio Solution File, Format Version 12.00
# Visual Studio 2012
Project("{FAE04EC0-301F-11D3-BF4B-00C04F79EFBC}") = "CreatingAndDisplayingArrays", "CreatingAndDisplayingArrays\CreatingAndDisplayingArrays.csproj", "{C0C0FAEC-6B65-4F83-B4AD-BD964BE577EE}"
EndProject
Project("{FAE04EC0-301F-11D3-BF4B-00C04F79EFBC}") = "CreatingAndDisplayingArrays.iOS", "iOS\CreatingAndDisplayingArrays.iOS.csproj", "{A2E1BABC-B09D-4E6F-B31A-F56C0BD98EBB}"
EndProject
Project("{FAE04EC0-301F-11D3-BF4B-00C04F79EFBC}") = "CreatingAndDisplayingArrays.Droid", "Droid\CreatingAndDisplayingArrays.Droid.csproj", "{5EA270E6-E099-47B0-AA2D-C46C37CD0E8C}"
EndProject
Global
	GlobalSection(SolutionConfigurationPlatforms) = preSolution
		Debug|Any CPU = Debug|Any CPU
		Release|Any CPU = Release|Any CPU
		Debug|iPhoneSimulator = Debug|iPhoneSimulator
		Release|iPhoneSimulator = Release|iPhoneSimulator
		Debug|iPhone = Debug|iPhone
		Release|iPhone = Release|iPhone
		Ad-Hoc|iPhone = Ad-Hoc|iPhone
		AppStore|iPhone = AppStore|iPhone
	EndGlobalSection
	GlobalSection(ProjectConfigurationPlatforms) = postSolution
		{5EA270E6-E099-47B0-AA2D-C46C37CD0E8C}.Ad-Hoc|iPhone.ActiveCfg = Release|Any CPU
		{5EA270E6-E099-47B0-AA2D-C46C37CD0E8C}.Ad-Hoc|iPhone.Build.0 = Release|Any CPU
		{5EA270E6-E099-47B0-AA2D-C46C37CD0E8C}.AppStore|iPhone.ActiveCfg = Release|Any CPU
		{5EA270E6-E099-47B0-AA2D-C46C37CD0E8C}.AppStore|iPhone.Build.0 = Release|Any CPU
		{5EA270E6-E099-47B0-AA2D-C46C37CD0E8C}.Debug|Any CPU.ActiveCfg = Debug|Any CPU
		{5EA270E6-E099-47B0-AA2D-C46C37CD0E8C}.Debug|Any CPU.Build.0 = Debug|Any CPU
		{5EA270E6-E099-47B0-AA2D-C46C37CD0E8C}.Debug|iPhone.ActiveCfg = Debug|Any CPU
		{5EA270E6-E099-47B0-AA2D-C46C37CD0E8C}.Debug|iPhone.Build.0 = Debug|Any CPU
		{5EA270E6-E099-47B0-AA2D-C46C37CD0E8C}.Debug|iPhoneSimulator.ActiveCfg = Debug|Any CPU
		{5EA270E6-E099-47B0-AA2D-C46C37CD0E8C}.Debug|iPhoneSimulator.Build.0 = Debug|Any CPU
		{5EA270E6-E099-47B0-AA2D-C46C37CD0E8C}.Release|Any CPU.ActiveCfg = Release|Any CPU
		{5EA270E6-E099-47B0-AA2D-C46C37CD0E8C}.Release|Any CPU.Build.0 = Release|Any CPU
		{5EA270E6-E099-47B0-AA2D-C46C37CD0E8C}.Release|iPhone.ActiveCfg = Release|Any CPU
		{5EA270E6-E099-47B0-AA2D-C46C37CD0E8C}.Release|iPhone.Build.0 = Release|Any CPU
		{5EA270E6-E099-47B0-AA2D-C46C37CD0E8C}.Release|iPhoneSimulator.ActiveCfg = Release|Any CPU
		{5EA270E6-E099-47B0-AA2D-C46C37CD0E8C}.Release|iPhoneSimulator.Build.0 = Release|Any CPU
		{A2E1BABC-B09D-4E6F-B31A-F56C0BD98EBB}.Ad-Hoc|iPhone.ActiveCfg = Ad-Hoc|iPhone
		{A2E1BABC-B09D-4E6F-B31A-F56C0BD98EBB}.Ad-Hoc|iPhone.Build.0 = Ad-Hoc|iPhone
		{A2E1BABC-B09D-4E6F-B31A-F56C0BD98EBB}.AppStore|iPhone.ActiveCfg = AppStore|iPhone
		{A2E1BABC-B09D-4E6F-B31A-F56C0BD98EBB}.AppStore|iPhone.Build.0 = AppStore|iPhone
		{A2E1BABC-B09D-4E6F-B31A-F56C0BD98EBB}.Debug|Any CPU.ActiveCfg = Debug|iPhoneSimulator
		{A2E1BABC-B09D-4E6F-B31A-F56C0BD98EBB}.Debug|Any CPU.Build.0 = Debug|iPhoneSimulator
		{A2E1BABC-B09D-4E6F-B31A-F56C0BD98EBB}.Debug|iPhone.ActiveCfg = Debug|iPhone
		{A2E1BABC-B09D-4E6F-B31A-F56C0BD98EBB}.Debug|iPhone.Build.0 = Debug|iPhone
		{A2E1BABC-B09D-4E6F-B31A-F56C0BD98EBB}.Debug|iPhoneSimulator.ActiveCfg = Debug|iPhoneSimulator
		{A2E1BABC-B09D-4E6F-B31A-F56C0BD98EBB}.Debug|iPhoneSimulator.Build.0 = Debug|iPhoneSimulator
		{A2E1BABC-B09D-4E6F-B31A-F56C0BD98EBB}.Release|Any CPU.ActiveCfg = Release|iPhoneSimulator
		{A2E1BABC-B09D-4E6F-B31A-F56C0BD98EBB}.Release|Any CPU.Build.0 = Release|iPhoneSimulator
		{A2E1BABC-B09D-4E6F-B31A-F56C0BD98EBB}.Release|iPhone.ActiveCfg = Release|iPhone
		{A2E1BABC-B09D-4E6F-B31A-F56C0BD98EBB}.Release|iPhone.Build.0 = Release|iPhone
		{A2E1BABC-B09D-4E6F-B31A-F56C0BD98EBB}.Release|iPhoneSimulator.ActiveCfg = Release|iPhoneSimulator
		{A2E1BABC-B09D-4E6F-B31A-F56C0BD98EBB}.Release|iPhoneSimulator.Build.0 = Release|iPhoneSimulator
		{C0C0FAEC-6B65-4F83-B4AD-BD964BE577EE}.Ad-Hoc|iPhone.ActiveCfg = Debug|Any CPU
		{C0C0FAEC-6B65-4F83-B4AD-BD964BE577EE}.Ad-Hoc|iPhone.Build.0 = Debug|Any CPU
		{C0C0FAEC-6B65-4F83-B4AD-BD964BE577EE}.AppStore|iPhone.ActiveCfg = Debug|Any CPU
		{C0C0FAEC-6B65-4F83-B4AD-BD964BE577EE}.AppStore|iPhone.Build.0 = Debug|Any CPU
		{C0C0FAEC-6B65-4F83-B4AD-BD964BE577EE}.Debug|Any CPU.ActiveCfg = Debug|Any CPU
		{C0C0FAEC-6B65-4F83-B4AD-BD964BE577EE}.Debug|Any CPU.Build.0 = Debug|Any CPU
		{C0C0FAEC-6B65-4F83-B4AD-BD964BE577EE}.Debug|iPhone.ActiveCfg = Debug|Any CPU
		{C0C0FAEC-6B65-4F83-B4AD-BD964BE577EE}.Debug|iPhone.Build.0 = Debug|Any CPU
		{C0C0FAEC-6B65-4F83-B4AD-BD964BE577EE}.Debug|iPhoneSimulator.ActiveCfg = Debug|Any CPU
		{C0C0FAEC-6B65-4F83-B4AD-BD964BE577EE}.Debug|iPhoneSimulator.Build.0 = Debug|Any CPU
		{C0C0FAEC-6B65-4F83-B4AD-BD964BE577EE}.Release|Any CPU.ActiveCfg = Release|Any CPU
		{C0C0FAEC-6B65-4F83-B4AD-BD964BE577EE}.Release|Any CPU.Build.0 = Release|Any CPU
		{C0C0FAEC-6B65-4F83-B4AD-BD964BE577EE}.Release|iPhone.ActiveCfg = Release|Any CPU
		{C0C0FAEC-6B65-4F83-B4AD-BD964BE577EE}.Release|iPhone.Build.0 = Release|Any CPU
		{C0C0FAEC-6B65-4F83-B4AD-BD964BE577EE}.Release|iPhoneSimulator.ActiveCfg = Release|Any CPU
		{C0C0FAEC-6B65-4F83-B4AD-BD964BE577EE}.Release|iPhoneSimulator.Build.0 = Release|Any CPU
	EndGlobalSection
EndGlobal
